// !$*UTF8*$!
{
	archiveVersion = 1;
	classes = {
	};
	objectVersion = 46;
	objects = {

/* Begin PBXAggregateTarget section */
		B028AEE211CEB818006786F7 /* ___PROJECTNAME___.dmg */ = {
			isa = PBXAggregateTarget;
			buildConfigurationList = B028AEF511CEB866006786F7 /* Build configuration list for PBXAggregateTarget "___PROJECTNAME___.dmg" */;
			buildPhases = (
				B028AF0411CEB907006786F7 /* Create DMG */,
			);
			dependencies = (
			);
			name = "___PROJECTNAME___.dmg";
			productName = dmg;
		};
		B0C20B4F11DE050000A925AB /* ___PROJECTNAME___.pkg */ = {
			isa = PBXAggregateTarget;
			buildConfigurationList = B0C20B5111DE050000A925AB /* Build configuration list for PBXAggregateTarget "___PROJECTNAME___.pkg" */;
			buildPhases = (
				B0C20B5011DE050000A925AB /* Create Package */,
			);
			dependencies = (
			);
			name = "___PROJECTNAME___.pkg";
			productName = pkg;
		};
/* End PBXAggregateTarget section */

/* Begin PBXBuildFile section */
		B0442D7D11CA441300268007 /* AppKit.framework in Frameworks */ = {isa = PBXBuildFile; fileRef = B0442D7C11CA441300268007 /* AppKit.framework */; };
		B04A135111CE5B4500E5184C /* MVMailBundle-Base.m in Sources */ = {isa = PBXBuildFile; fileRef = B04A135011CE5B4500E5184C /* MVMailBundle-Base.m */; };
		B096DAC311CE4C980019A5CF /* MVMailBundle-___PROJECTNAME___.m in Sources */ = {isa = PBXBuildFile; fileRef = B096DAC011CE4C980019A5CF /* MVMailBundle-___PROJECTNAME___.m */; };
		B0BE0F2011CA30E000E58E55 /* Foundation.framework in Frameworks */ = {isa = PBXBuildFile; fileRef = 089C1672FE841209C02AAC07 /* Foundation.framework */; };
		B0FCD88111CE55C20093744D /* Message.framework in Frameworks */ = {isa = PBXBuildFile; fileRef = B0FCD88011CE55C20093744D /* Message.framework */; };
/* End PBXBuildFile section */

/* Begin PBXFileReference section */
		089C1672FE841209C02AAC07 /* Foundation.framework */ = {isa = PBXFileReference; lastKnownFileType = wrapper.framework; name = Foundation.framework; path = /System/Library/Frameworks/Foundation.framework; sourceTree = "<absolute>"; };
		B0442D7C11CA441300268007 /* AppKit.framework */ = {isa = PBXFileReference; lastKnownFileType = wrapper.framework; name = AppKit.framework; path = /System/Library/Frameworks/AppKit.framework; sourceTree = "<absolute>"; };
		B04A134F11CE5B4500E5184C /* MVMailBundle-Base.h */ = {isa = PBXFileReference; fileEncoding = 4; lastKnownFileType = sourcecode.c.h; path = "MVMailBundle-Base.h"; sourceTree = "<group>"; };
		B04A135011CE5B4500E5184C /* MVMailBundle-Base.m */ = {isa = PBXFileReference; fileEncoding = 4; lastKnownFileType = sourcecode.c.objc; path = "MVMailBundle-Base.m"; sourceTree = "<group>"; };
		B096DABF11CE4C980019A5CF /* MVMailBundle-___PROJECTNAME___.h */ = {isa = PBXFileReference; fileEncoding = 4; lastKnownFileType = sourcecode.c.h; path = "MVMailBundle-___PROJECTNAME___.h"; sourceTree = "<group>"; };
		B096DAC011CE4C980019A5CF /* MVMailBundle-___PROJECTNAME___.m */ = {isa = PBXFileReference; fileEncoding = 4; lastKnownFileType = sourcecode.c.objc; path = "MVMailBundle-___PROJECTNAME___.m"; sourceTree = "<group>"; };
		B0C163C911CB82BF00B6B512 /* Prefix.pch */ = {isa = PBXFileReference; fileEncoding = 4; lastKnownFileType = sourcecode.c.h; path = Prefix.pch; sourceTree = "<group>"; };
		B0E275B311CE4CC5000D2AAD /* ___PROJECTNAME___.mailbundle */ = {isa = PBXFileReference; explicitFileType = wrapper.cfbundle; includeInIndex = 0; path = "___PROJECTNAME___.mailbundle"; sourceTree = BUILT_PRODUCTS_DIR; };
		B0FCD88011CE55C20093744D /* Message.framework */ = {isa = PBXFileReference; lastKnownFileType = wrapper.framework; name = Message.framework; path = Frameworks/Message.framework; sourceTree = "<group>"; };
		B0FCD8B611CE578D0093744D /* Info.plist */ = {isa = PBXFileReference; fileEncoding = 4; lastKnownFileType = text.plist.xml; name = Info.plist; path = Resources/Info.plist; sourceTree = "<group>"; };
/* End PBXFileReference section */

/* Begin PBXFrameworksBuildPhase section */
		B0BE0F1911CA30A900E58E55 /* Frameworks */ = {
			isa = PBXFrameworksBuildPhase;
			buildActionMask = 2147483647;
			files = (
				B0BE0F2011CA30E000E58E55 /* Foundation.framework in Frameworks */,
				B0442D7D11CA441300268007 /* AppKit.framework in Frameworks */,
				B0FCD88111CE55C20093744D /* Message.framework in Frameworks */,
			);
			runOnlyForDeploymentPostprocessing = 0;
		};
/* End PBXFrameworksBuildPhase section */

/* Begin PBXGroup section */
		089C166AFE841209C02AAC07 /* ___PROJECTNAME___ */ = {
			isa = PBXGroup;
			children = (
				B05A9B0D11C60A72002F9DA4 /* Classes */,
				089C167CFE841241C02AAC07 /* Resources */,
				089C1671FE841209C02AAC07 /* Frameworks and Libraries */,
				B0E275B411CE4CC5000D2AAD /* Products */,
			);
			name = "___PROJECTNAME___";
			sourceTree = "<group>";
		};
		089C1671FE841209C02AAC07 /* Frameworks and Libraries */ = {
			isa = PBXGroup;
			children = (
				089C1672FE841209C02AAC07 /* Foundation.framework */,
				B0442D7C11CA441300268007 /* AppKit.framework */,
				B0FCD88011CE55C20093744D /* Message.framework */,
			);
			name = "Frameworks and Libraries";
			sourceTree = "<group>";
		};
		089C167CFE841241C02AAC07 /* Resources */ = {
			isa = PBXGroup;
			children = (
				B0FCD8B611CE578D0093744D /* Info.plist */,
			);
			name = Resources;
			sourceTree = "<group>";
		};
		B05A9B0D11C60A72002F9DA4 /* Classes */ = {
			isa = PBXGroup;
			children = (
				B096DABF11CE4C980019A5CF /* MVMailBundle-___PROJECTNAME___.h */,
				B096DAC011CE4C980019A5CF /* MVMailBundle-___PROJECTNAME___.m */,
				B04A134F11CE5B4500E5184C /* MVMailBundle-Base.h */,
				B04A135011CE5B4500E5184C /* MVMailBundle-Base.m */,
				B0C163C911CB82BF00B6B512 /* Prefix.pch */,
			);
			path = Classes;
			sourceTree = "<group>";
		};
		B0E275B411CE4CC5000D2AAD /* Products */ = {
			isa = PBXGroup;
			children = (
				B0E275B311CE4CC5000D2AAD /* ___PROJECTNAME___.mailbundle */,
			);
			name = Products;
			sourceTree = "<group>";
		};
/* End PBXGroup section */

/* Begin PBXNativeTarget section */
		8D5B49AC048680CD000E48DA /* ___PROJECTNAME___.mailbundle */ = {
			isa = PBXNativeTarget;
			buildConfigurationList = 1DEB913A08733D840010E9CD /* Build configuration list for PBXNativeTarget "___PROJECTNAME___.mailbundle" */;
			buildPhases = (
				8D5B49B1048680CD000E48DA /* Sources */,
				B0BE0F1911CA30A900E58E55 /* Frameworks */,
				93E925400A4C8CD70039ADAD /* Set Bundle Bit */,
			);
			buildRules = (
			);
			dependencies = (
			);
			name = "___PROJECTNAME___.mailbundle";
			productInstallPath = "$(HOME)/Library/Bundles";
			productName = "___PROJECTNAME___";
			productReference = B0E275B311CE4CC5000D2AAD /* ___PROJECTNAME___.mailbundle */;
			productType = "com.apple.product-type.bundle";
		};
/* End PBXNativeTarget section */

/* Begin PBXProject section */
		089C1669FE841209C02AAC07 /* Project object */ = {
			isa = PBXProject;
			attributes = {
				BuildIndependentTargetsInParallel = YES;
			};
			buildConfigurationList = 1DEB913E08733D840010E9CD /* Build configuration list for PBXProject "___PROJECTNAME___" */;
			compatibilityVersion = "Xcode 3.2";
			hasScannedForEncodings = 1;
			mainGroup = 089C166AFE841209C02AAC07 /* ___PROJECTNAME___ */;
			productRefGroup = B0E275B411CE4CC5000D2AAD /* Products */;
			projectDirPath = "";
			projectRoot = "";
			targets = (
				8D5B49AC048680CD000E48DA /* ___PROJECTNAME___.mailbundle */,
				B0C20B4F11DE050000A925AB /* ___PROJECTNAME___.pkg */,
				B028AEE211CEB818006786F7 /* ___PROJECTNAME___.dmg */,
			);
		};
/* End PBXProject section */

/* Begin PBXShellScriptBuildPhase section */
		93E925400A4C8CD70039ADAD /* Set Bundle Bit */ = {
			isa = PBXShellScriptBuildPhase;
			buildActionMask = 2147483647;
			comments = "We set the 'bundle bit' so that the plugin appears as a single file, rather than as a folder.\n";
			files = (
			);
			inputPaths = (
			);
			name = "Set Bundle Bit";
			outputPaths = (
			);
			runOnlyForDeploymentPostprocessing = 0;
			shellPath = /bin/sh;
			shellScript = "/Developer/Tools/SetFile -a B \"$TARGET_BUILD_DIR/$PRODUCT_NAME.$WRAPPER_EXTENSION\"\n";
		};
		B028AF0411CEB907006786F7 /* Create DMG */ = {
			isa = PBXShellScriptBuildPhase;
			buildActionMask = 2147483647;
			files = (
			);
			inputPaths = (
			);
			name = "Create DMG";
			outputPaths = (
			);
			runOnlyForDeploymentPostprocessing = 0;
			shellPath = /bin/sh;
			shellScript = "cd \"$TARGET_BUILD_DIR\"\n\nmkdir dmg\nmv \"$PRODUCT_NAME-$CURRENT_PROJECT_VERSION.pkg\" dmg\n\n/usr/bin/hdiutil create \"$PRODUCT_NAME-$CURRENT_PROJECT_VERSION\" \\\n\t-volname \"$PRODUCT_NAME-$CURRENT_PROJECT_VERSION\" \\\n\t-fs HFS+ -ov -srcfolder \"dmg\"\n\nmv dmg/\"$PRODUCT_NAME-$CURRENT_PROJECT_VERSION.pkg\" .\nrmdir dmg\n";
		};
		B0C20B5011DE050000A925AB /* Create Package */ = {
			isa = PBXShellScriptBuildPhase;
			buildActionMask = 2147483647;
			files = (
			);
			inputPaths = (
			);
			name = "Create Package";
			outputPaths = (
			);
			runOnlyForDeploymentPostprocessing = 0;
			shellPath = /bin/sh;
			shellScript = "cd \"$TARGET_BUILD_DIR\"\n\nDEST=\"$PRODUCT_NAME/Library/Mail/Bundles/\"\nmkdir -p $DEST\n\nmv $PRODUCT_NAME.$WRAPPER_EXTENSION $DEST\n\n/Developer/usr/bin/packagemaker --root \"$PRODUCT_NAME\" \\\n\t--id $PRODUCT_IDENTIFIER \\\n\t--domain user --domain system \\\n\t--target 10.5 --version \"$CURRENT_PROJECT_VERSION\" \\\n\t--out \"$PRODUCT_NAME-$CURRENT_PROJECT_VERSION.pkg\"\n\nmv $DEST/$PRODUCT_NAME.$WRAPPER_EXTENSION .\n\nrmdir -p $DEST\n";
		};
/* End PBXShellScriptBuildPhase section */

/* Begin PBXSourcesBuildPhase section */
		8D5B49B1048680CD000E48DA /* Sources */ = {
			isa = PBXSourcesBuildPhase;
			buildActionMask = 2147483647;
			files = (
				B096DAC311CE4C980019A5CF /* MVMailBundle-___PROJECTNAME___.m in Sources */,
				B04A135111CE5B4500E5184C /* MVMailBundle-Base.m in Sources */,
			);
			runOnlyForDeploymentPostprocessing = 0;
		};
/* End PBXSourcesBuildPhase section */

/* Begin XCBuildConfiguration section */
		1DEB913C08733D840010E9CD /* Release */ = {
			isa = XCBuildConfiguration;
			buildSettings = {
				ARCHS = (
					i386,
					x86_64,
				);
				BUNDLE_LOADER = /Applications/Mail.app/Contents/MacOS/Mail;
				FRAMEWORK_SEARCH_PATHS = (
					"$(inherited)",
					"\"$(SRCROOT)/Frameworks\"",
				);
				GCC_PREFIX_HEADER = Classes/Prefix.pch;
				INFOPLIST_FILE = Resources/Info.plist;
			};
			name = Release;
		};
		1DEB914008733D840010E9CD /* Release */ = {
			isa = XCBuildConfiguration;
			buildSettings = {
				CURRENT_PROJECT_VERSION = 0.1;
				PRODUCT_IDENTIFIER = "org.example.${PRODUCT_NAME}";
				PRODUCT_NAME = "___PROJECTNAME___";
				WRAPPER_EXTENSION = mailbundle;
			};
			name = Release;
		};
		B028AEE311CEB818006786F7 /* Release */ = {
			isa = XCBuildConfiguration;
			buildSettings = {
			};
			name = Release;
		};
		B0C20B5211DE050000A925AB /* Release */ = {
			isa = XCBuildConfiguration;
			buildSettings = {
			};
			name = Release;
		};
/* End XCBuildConfiguration section */

/* Begin XCConfigurationList section */
		1DEB913A08733D840010E9CD /* Build configuration list for PBXNativeTarget "___PROJECTNAME___.mailbundle" */ = {
			isa = XCConfigurationList;
			buildConfigurations = (
				1DEB913C08733D840010E9CD /* Release */,
			);
			defaultConfigurationIsVisible = 0;
			defaultConfigurationName = Release;
		};
		1DEB913E08733D840010E9CD /* Build configuration list for PBXProject "___PROJECTNAME___" */ = {
			isa = XCConfigurationList;
			buildConfigurations = (
				1DEB914008733D840010E9CD /* Release */,
			);
			defaultConfigurationIsVisible = 0;
			defaultConfigurationName = Release;
		};
		B028AEF511CEB866006786F7 /* Build configuration list for PBXAggregateTarget "___PROJECTNAME___.dmg" */ = {
			isa = XCConfigurationList;
			buildConfigurations = (
				B028AEE311CEB818006786F7 /* Release */,
			);
			defaultConfigurationIsVisible = 0;
			defaultConfigurationName = Release;
		};
		B0C20B5111DE050000A925AB /* Build configuration list for PBXAggregateTarget "___PROJECTNAME___.pkg" */ = {
			isa = XCConfigurationList;
			buildConfigurations = (
				B0C20B5211DE050000A925AB /* Release */,
			);
			defaultConfigurationIsVisible = 0;
			defaultConfigurationName = Release;
		};
/* End XCConfigurationList section */
	};
	rootObject = 089C1669FE841209C02AAC07 /* Project object */;
}
